
Microsoft Visual Studio Solution File, Format Version 12.00
# Visual Studio Version 17
Project("{2150E333-8FDC-42A3-9474-1A3956D46DE8}") = "CMakePredefinedTargets", "CMakePredefinedTargets", "{3E0B1F8E-8303-3624-8CCD-957D655DDFDD}"
EndProject
Project("{2150E333-8FDC-42A3-9474-1A3956D46DE8}") = "External Libraries", "External Libraries", "{1A653821-8108-3A3C-B68C-1D31FDCD6FF2}"
EndProject
Project("{2150E333-8FDC-42A3-9474-1A3956D46DE8}") = "Internal Libraries", "Internal Libraries", "{4589CF73-528E-3EED-94A3-DADAC08CDC45}"
EndProject
Project("{8BC9CEB8-8B4A-11D0-8D11-00A0C91BC942}") = "ALL_BUILD", "ALL_BUILD.vcxproj", "{DE05C091-41C3-33A9-A6B8-176BD12D9B48}"
	ProjectSection(ProjectDependencies) = postProject
		{653276AA-5DAA-37EC-9ACC-E83C914F6256} = {653276AA-5DAA-37EC-9ACC-E83C914F6256}
		{AC6EEBB0-59BD-3D86-897F-A5EF60A53D24} = {AC6EEBB0-59BD-3D86-897F-A5EF60A53D24}
		{646B006B-EAD6-3183-88F0-A9E3CDCB762F} = {646B006B-EAD6-3183-88F0-A9E3CDCB762F}
		{94CE0D44-B5E1-3E78-85C0-EE4D753FF841} = {94CE0D44-B5E1-3E78-85C0-EE4D753FF841}
		{CCCA5BAF-0D74-33E4-BB9E-C0CC886C696C} = {CCCA5BAF-0D74-33E4-BB9E-C0CC886C696C}
		{F9395132-059F-3CD2-8666-DA2C75CA6147} = {F9395132-059F-3CD2-8666-DA2C75CA6147}
		{CD3B5D46-7783-328E-9C7E-D75C413FF280} = {CD3B5D46-7783-328E-9C7E-D75C413FF280}
		{5244D961-956A-3F2F-B689-C4000D79EE47} = {5244D961-956A-3F2F-B689-C4000D79EE47}
		{B880A84E-0F25-371A-BBB4-1D2A84D334B5} = {B880A84E-0F25-371A-BBB4-1D2A84D334B5}
		{2B892F15-0765-3537-8ECF-F6FFE551D876} = {2B892F15-0765-3537-8ECF-F6FFE551D876}
		{B3A4C232-1998-37CE-B627-B6E8C75ED24E} = {B3A4C232-1998-37CE-B627-B6E8C75ED24E}
		{2E97DE54-563F-3236-AF26-A82AD48CBE34} = {2E97DE54-563F-3236-AF26-A82AD48CBE34}
		{B3D11FAB-E05F-3D68-A054-6117F7A2C67E} = {B3D11FAB-E05F-3D68-A054-6117F7A2C67E}
		{149C329A-1189-3CEE-8E37-BFB7F738CD35} = {149C329A-1189-3CEE-8E37-BFB7F738CD35}
		{BA601AB2-BFBC-3D7B-B9A4-2E80E5E9AB71} = {BA601AB2-BFBC-3D7B-B9A4-2E80E5E9AB71}
		{F1C5ACA0-C51A-31DC-A612-A2D700CA842C} = {F1C5ACA0-C51A-31DC-A612-A2D700CA842C}
	EndProjectSection
EndProject
Project("{8BC9CEB8-8B4A-11D0-8D11-00A0C91BC942}") = "INSTALL", "INSTALL.vcxproj", "{80EAEECD-BDF0-383A-836B-276CC626E31D}"
	ProjectSection(ProjectDependencies) = postProject
		{DE05C091-41C3-33A9-A6B8-176BD12D9B48} = {DE05C091-41C3-33A9-A6B8-176BD12D9B48}
		{AC6EEBB0-59BD-3D86-897F-A5EF60A53D24} = {AC6EEBB0-59BD-3D86-897F-A5EF60A53D24}
	EndProjectSection
EndProject
Project("{8BC9CEB8-8B4A-11D0-8D11-00A0C91BC942}") = "OpenDDR", "src\OpenDDR.vcxproj", "{653276AA-5DAA-37EC-9ACC-E83C914F6256}"
	ProjectSection(ProjectDependencies) = postProject
		{AC6EEBB0-59BD-3D86-897F-A5EF60A53D24} = {AC6EEBB0-59BD-3D86-897F-A5EF60A53D24}
		{646B006B-EAD6-3183-88F0-A9E3CDCB762F} = {646B006B-EAD6-3183-88F0-A9E3CDCB762F}
		{94CE0D44-B5E1-3E78-85C0-EE4D753FF841} = {94CE0D44-B5E1-3E78-85C0-EE4D753FF841}
		{CCCA5BAF-0D74-33E4-BB9E-C0CC886C696C} = {CCCA5BAF-0D74-33E4-BB9E-C0CC886C696C}
		{F9395132-059F-3CD2-8666-DA2C75CA6147} = {F9395132-059F-3CD2-8666-DA2C75CA6147}
		{CD3B5D46-7783-328E-9C7E-D75C413FF280} = {CD3B5D46-7783-328E-9C7E-D75C413FF280}
		{5244D961-956A-3F2F-B689-C4000D79EE47} = {5244D961-956A-3F2F-B689-C4000D79EE47}
		{B880A84E-0F25-371A-BBB4-1D2A84D334B5} = {B880A84E-0F25-371A-BBB4-1D2A84D334B5}
		{2B892F15-0765-3537-8ECF-F6FFE551D876} = {2B892F15-0765-3537-8ECF-F6FFE551D876}
		{B3A4C232-1998-37CE-B627-B6E8C75ED24E} = {B3A4C232-1998-37CE-B627-B6E8C75ED24E}
		{2E97DE54-563F-3236-AF26-A82AD48CBE34} = {2E97DE54-563F-3236-AF26-A82AD48CBE34}
		{B3D11FAB-E05F-3D68-A054-6117F7A2C67E} = {B3D11FAB-E05F-3D68-A054-6117F7A2C67E}
		{149C329A-1189-3CEE-8E37-BFB7F738CD35} = {149C329A-1189-3CEE-8E37-BFB7F738CD35}
		{BA601AB2-BFBC-3D7B-B9A4-2E80E5E9AB71} = {BA601AB2-BFBC-3D7B-B9A4-2E80E5E9AB71}
		{F1C5ACA0-C51A-31DC-A612-A2D700CA842C} = {F1C5ACA0-C51A-31DC-A612-A2D700CA842C}
	EndProjectSection
EndProject
Project("{8BC9CEB8-8B4A-11D0-8D11-00A0C91BC942}") = "PACKAGE", "PACKAGE.vcxproj", "{B99BDDFF-85FB-3F38-89E3-A5CD1487051D}"
	ProjectSection(ProjectDependencies) = postProject
		{DE05C091-41C3-33A9-A6B8-176BD12D9B48} = {DE05C091-41C3-33A9-A6B8-176BD12D9B48}
		{AC6EEBB0-59BD-3D86-897F-A5EF60A53D24} = {AC6EEBB0-59BD-3D86-897F-A5EF60A53D24}
	EndProjectSection
EndProject
Project("{8BC9CEB8-8B4A-11D0-8D11-00A0C91BC942}") = "ZERO_CHECK", "ZERO_CHECK.vcxproj", "{AC6EEBB0-59BD-3D86-897F-A5EF60A53D24}"
	ProjectSection(ProjectDependencies) = postProject
	EndProjectSection
EndProject
Project("{8BC9CEB8-8B4A-11D0-8D11-00A0C91BC942}") = "glew", "extern\glew.vcxproj", "{646B006B-EAD6-3183-88F0-A9E3CDCB762F}"
	ProjectSection(ProjectDependencies) = postProject
		{AC6EEBB0-59BD-3D86-897F-A5EF60A53D24} = {AC6EEBB0-59BD-3D86-897F-A5EF60A53D24}
	EndProjectSection
EndProject
Project("{8BC9CEB8-8B4A-11D0-8D11-00A0C91BC942}") = "jpeg", "extern\jpeg.vcxproj", "{94CE0D44-B5E1-3E78-85C0-EE4D753FF841}"
	ProjectSection(ProjectDependencies) = postProject
		{AC6EEBB0-59BD-3D86-897F-A5EF60A53D24} = {AC6EEBB0-59BD-3D86-897F-A5EF60A53D24}
	EndProjectSection
EndProject
Project("{8BC9CEB8-8B4A-11D0-8D11-00A0C91BC942}") = "jsoncpp", "extern\jsoncpp.vcxproj", "{CCCA5BAF-0D74-33E4-BB9E-C0CC886C696C}"
	ProjectSection(ProjectDependencies) = postProject
		{AC6EEBB0-59BD-3D86-897F-A5EF60A53D24} = {AC6EEBB0-59BD-3D86-897F-A5EF60A53D24}
	EndProjectSection
EndProject
Project("{8BC9CEB8-8B4A-11D0-8D11-00A0C91BC942}") = "lua-5.1", "extern\lua-5.1.vcxproj", "{F9395132-059F-3CD2-8666-DA2C75CA6147}"
	ProjectSection(ProjectDependencies) = postProject
		{AC6EEBB0-59BD-3D86-897F-A5EF60A53D24} = {AC6EEBB0-59BD-3D86-897F-A5EF60A53D24}
	EndProjectSection
EndProject
Project("{8BC9CEB8-8B4A-11D0-8D11-00A0C91BC942}") = "mad", "extern\mad.vcxproj", "{CD3B5D46-7783-328E-9C7E-D75C413FF280}"
	ProjectSection(ProjectDependencies) = postProject
		{AC6EEBB0-59BD-3D86-897F-A5EF60A53D24} = {AC6EEBB0-59BD-3D86-897F-A5EF60A53D24}
	EndProjectSection
EndProject
Project("{8BC9CEB8-8B4A-11D0-8D11-00A0C91BC942}") = "mapconv", "src\mapconv.vcxproj", "{5244D961-956A-3F2F-B689-C4000D79EE47}"
	ProjectSection(ProjectDependencies) = postProject
		{AC6EEBB0-59BD-3D86-897F-A5EF60A53D24} = {AC6EEBB0-59BD-3D86-897F-A5EF60A53D24}
	EndProjectSection
EndProject
Project("{8BC9CEB8-8B4A-11D0-8D11-00A0C91BC942}") = "ogg", "extern\ogg.vcxproj", "{B880A84E-0F25-371A-BBB4-1D2A84D334B5}"
	ProjectSection(ProjectDependencies) = postProject
		{AC6EEBB0-59BD-3D86-897F-A5EF60A53D24} = {AC6EEBB0-59BD-3D86-897F-A5EF60A53D24}
	EndProjectSection
EndProject
Project("{8BC9CEB8-8B4A-11D0-8D11-00A0C91BC942}") = "pcre", "extern\pcre.vcxproj", "{2B892F15-0765-3537-8ECF-F6FFE551D876}"
	ProjectSection(ProjectDependencies) = postProject
		{AC6EEBB0-59BD-3D86-897F-A5EF60A53D24} = {AC6EEBB0-59BD-3D86-897F-A5EF60A53D24}
	EndProjectSection
EndProject
Project("{8BC9CEB8-8B4A-11D0-8D11-00A0C91BC942}") = "png", "extern\png.vcxproj", "{B3A4C232-1998-37CE-B627-B6E8C75ED24E}"
	ProjectSection(ProjectDependencies) = postProject
		{AC6EEBB0-59BD-3D86-897F-A5EF60A53D24} = {AC6EEBB0-59BD-3D86-897F-A5EF60A53D24}
	EndProjectSection
EndProject
Project("{8BC9CEB8-8B4A-11D0-8D11-00A0C91BC942}") = "tomcrypt", "extern\tomcrypt.vcxproj", "{2E97DE54-563F-3236-AF26-A82AD48CBE34}"
	ProjectSection(ProjectDependencies) = postProject
		{AC6EEBB0-59BD-3D86-897F-A5EF60A53D24} = {AC6EEBB0-59BD-3D86-897F-A5EF60A53D24}
		{B3D11FAB-E05F-3D68-A054-6117F7A2C67E} = {B3D11FAB-E05F-3D68-A054-6117F7A2C67E}
	EndProjectSection
EndProject
Project("{8BC9CEB8-8B4A-11D0-8D11-00A0C91BC942}") = "tommath", "extern\tommath.vcxproj", "{B3D11FAB-E05F-3D68-A054-6117F7A2C67E}"
	ProjectSection(ProjectDependencies) = postProject
		{AC6EEBB0-59BD-3D86-897F-A5EF60A53D24} = {AC6EEBB0-59BD-3D86-897F-A5EF60A53D24}
	EndProjectSection
EndProject
Project("{8BC9CEB8-8B4A-11D0-8D11-00A0C91BC942}") = "vorbis", "extern\vorbis.vcxproj", "{149C329A-1189-3CEE-8E37-BFB7F738CD35}"
	ProjectSection(ProjectDependencies) = postProject
		{AC6EEBB0-59BD-3D86-897F-A5EF60A53D24} = {AC6EEBB0-59BD-3D86-897F-A5EF60A53D24}
		{B880A84E-0F25-371A-BBB4-1D2A84D334B5} = {B880A84E-0F25-371A-BBB4-1D2A84D334B5}
	EndProjectSection
EndProject
Project("{8BC9CEB8-8B4A-11D0-8D11-00A0C91BC942}") = "vorbisfile", "extern\vorbisfile.vcxproj", "{BA601AB2-BFBC-3D7B-B9A4-2E80E5E9AB71}"
	ProjectSection(ProjectDependencies) = postProject
		{AC6EEBB0-59BD-3D86-897F-A5EF60A53D24} = {AC6EEBB0-59BD-3D86-897F-A5EF60A53D24}
		{B880A84E-0F25-371A-BBB4-1D2A84D334B5} = {B880A84E-0F25-371A-BBB4-1D2A84D334B5}
	EndProjectSection
EndProject
Project("{8BC9CEB8-8B4A-11D0-8D11-00A0C91BC942}") = "zlib", "extern\zlib.vcxproj", "{F1C5ACA0-C51A-31DC-A612-A2D700CA842C}"
	ProjectSection(ProjectDependencies) = postProject
		{AC6EEBB0-59BD-3D86-897F-A5EF60A53D24} = {AC6EEBB0-59BD-3D86-897F-A5EF60A53D24}
	EndProjectSection
EndProject
Global
	GlobalSection(SolutionConfigurationPlatforms) = preSolution
		Debug|x64 = Debug|x64
		Release|x64 = Release|x64
		MinSizeRel|x64 = MinSizeRel|x64
		RelWithDebInfo|x64 = RelWithDebInfo|x64
	EndGlobalSection
	GlobalSection(ProjectConfigurationPlatforms) = postSolution
		{DE05C091-41C3-33A9-A6B8-176BD12D9B48}.Debug|x64.ActiveCfg = Debug|x64
		{DE05C091-41C3-33A9-A6B8-176BD12D9B48}.Debug|x64.Build.0 = Debug|x64
		{DE05C091-41C3-33A9-A6B8-176BD12D9B48}.Release|x64.ActiveCfg = Release|x64
		{DE05C091-41C3-33A9-A6B8-176BD12D9B48}.Release|x64.Build.0 = Release|x64
		{DE05C091-41C3-33A9-A6B8-176BD12D9B48}.MinSizeRel|x64.ActiveCfg = MinSizeRel|x64
		{DE05C091-41C3-33A9-A6B8-176BD12D9B48}.MinSizeRel|x64.Build.0 = MinSizeRel|x64
		{DE05C091-41C3-33A9-A6B8-176BD12D9B48}.RelWithDebInfo|x64.ActiveCfg = RelWithDebInfo|x64
		{DE05C091-41C3-33A9-A6B8-176BD12D9B48}.RelWithDebInfo|x64.Build.0 = RelWithDebInfo|x64
		{80EAEECD-BDF0-383A-836B-276CC626E31D}.Debug|x64.ActiveCfg = Debug|x64
		{80EAEECD-BDF0-383A-836B-276CC626E31D}.Release|x64.ActiveCfg = Release|x64
		{80EAEECD-BDF0-383A-836B-276CC626E31D}.MinSizeRel|x64.ActiveCfg = MinSizeRel|x64
		{80EAEECD-BDF0-383A-836B-276CC626E31D}.RelWithDebInfo|x64.ActiveCfg = RelWithDebInfo|x64
		{653276AA-5DAA-37EC-9ACC-E83C914F6256}.Debug|x64.ActiveCfg = Debug|x64
		{653276AA-5DAA-37EC-9ACC-E83C914F6256}.Debug|x64.Build.0 = Debug|x64
		{653276AA-5DAA-37EC-9ACC-E83C914F6256}.Release|x64.ActiveCfg = Release|x64
		{653276AA-5DAA-37EC-9ACC-E83C914F6256}.Release|x64.Build.0 = Release|x64
		{653276AA-5DAA-37EC-9ACC-E83C914F6256}.MinSizeRel|x64.ActiveCfg = MinSizeRel|x64
		{653276AA-5DAA-37EC-9ACC-E83C914F6256}.MinSizeRel|x64.Build.0 = MinSizeRel|x64
		{653276AA-5DAA-37EC-9ACC-E83C914F6256}.RelWithDebInfo|x64.ActiveCfg = RelWithDebInfo|x64
		{653276AA-5DAA-37EC-9ACC-E83C914F6256}.RelWithDebInfo|x64.Build.0 = RelWithDebInfo|x64
		{B99BDDFF-85FB-3F38-89E3-A5CD1487051D}.Debug|x64.ActiveCfg = Debug|x64
		{B99BDDFF-85FB-3F38-89E3-A5CD1487051D}.Release|x64.ActiveCfg = Release|x64
		{B99BDDFF-85FB-3F38-89E3-A5CD1487051D}.MinSizeRel|x64.ActiveCfg = MinSizeRel|x64
		{B99BDDFF-85FB-3F38-89E3-A5CD1487051D}.RelWithDebInfo|x64.ActiveCfg = RelWithDebInfo|x64
		{AC6EEBB0-59BD-3D86-897F-A5EF60A53D24}.Debug|x64.ActiveCfg = Debug|x64
		{AC6EEBB0-59BD-3D86-897F-A5EF60A53D24}.Debug|x64.Build.0 = Debug|x64
		{AC6EEBB0-59BD-3D86-897F-A5EF60A53D24}.Release|x64.ActiveCfg = Release|x64
		{AC6EEBB0-59BD-3D86-897F-A5EF60A53D24}.Release|x64.Build.0 = Release|x64
		{AC6EEBB0-59BD-3D86-897F-A5EF60A53D24}.MinSizeRel|x64.ActiveCfg = MinSizeRel|x64
		{AC6EEBB0-59BD-3D86-897F-A5EF60A53D24}.MinSizeRel|x64.Build.0 = MinSizeRel|x64
		{AC6EEBB0-59BD-3D86-897F-A5EF60A53D24}.RelWithDebInfo|x64.ActiveCfg = RelWithDebInfo|x64
		{AC6EEBB0-59BD-3D86-897F-A5EF60A53D24}.RelWithDebInfo|x64.Build.0 = RelWithDebInfo|x64
		{646B006B-EAD6-3183-88F0-A9E3CDCB762F}.Debug|x64.ActiveCfg = Debug|x64
		{646B006B-EAD6-3183-88F0-A9E3CDCB762F}.Debug|x64.Build.0 = Debug|x64
		{646B006B-EAD6-3183-88F0-A9E3CDCB762F}.Release|x64.ActiveCfg = Release|x64
		{646B006B-EAD6-3183-88F0-A9E3CDCB762F}.Release|x64.Build.0 = Release|x64
		{646B006B-EAD6-3183-88F0-A9E3CDCB762F}.MinSizeRel|x64.ActiveCfg = MinSizeRel|x64
		{646B006B-EAD6-3183-88F0-A9E3CDCB762F}.MinSizeRel|x64.Build.0 = MinSizeRel|x64
		{646B006B-EAD6-3183-88F0-A9E3CDCB762F}.RelWithDebInfo|x64.ActiveCfg = RelWithDebInfo|x64
		{646B006B-EAD6-3183-88F0-A9E3CDCB762F}.RelWithDebInfo|x64.Build.0 = RelWithDebInfo|x64
		{94CE0D44-B5E1-3E78-85C0-EE4D753FF841}.Debug|x64.ActiveCfg = Debug|x64
		{94CE0D44-B5E1-3E78-85C0-EE4D753FF841}.Debug|x64.Build.0 = Debug|x64
		{94CE0D44-B5E1-3E78-85C0-EE4D753FF841}.Release|x64.ActiveCfg = Release|x64
		{94CE0D44-B5E1-3E78-85C0-EE4D753FF841}.Release|x64.Build.0 = Release|x64
		{94CE0D44-B5E1-3E78-85C0-EE4D753FF841}.MinSizeRel|x64.ActiveCfg = MinSizeRel|x64
		{94CE0D44-B5E1-3E78-85C0-EE4D753FF841}.MinSizeRel|x64.Build.0 = MinSizeRel|x64
		{94CE0D44-B5E1-3E78-85C0-EE4D753FF841}.RelWithDebInfo|x64.ActiveCfg = RelWithDebInfo|x64
		{94CE0D44-B5E1-3E78-85C0-EE4D753FF841}.RelWithDebInfo|x64.Build.0 = RelWithDebInfo|x64
		{CCCA5BAF-0D74-33E4-BB9E-C0CC886C696C}.Debug|x64.ActiveCfg = Debug|x64
		{CCCA5BAF-0D74-33E4-BB9E-C0CC886C696C}.Debug|x64.Build.0 = Debug|x64
		{CCCA5BAF-0D74-33E4-BB9E-C0CC886C696C}.Release|x64.ActiveCfg = Release|x64
		{CCCA5BAF-0D74-33E4-BB9E-C0CC886C696C}.Release|x64.Build.0 = Release|x64
		{CCCA5BAF-0D74-33E4-BB9E-C0CC886C696C}.MinSizeRel|x64.ActiveCfg = MinSizeRel|x64
		{CCCA5BAF-0D74-33E4-BB9E-C0CC886C696C}.MinSizeRel|x64.Build.0 = MinSizeRel|x64
		{CCCA5BAF-0D74-33E4-BB9E-C0CC886C696C}.RelWithDebInfo|x64.ActiveCfg = RelWithDebInfo|x64
		{CCCA5BAF-0D74-33E4-BB9E-C0CC886C696C}.RelWithDebInfo|x64.Build.0 = RelWithDebInfo|x64
		{F9395132-059F-3CD2-8666-DA2C75CA6147}.Debug|x64.ActiveCfg = Debug|x64
		{F9395132-059F-3CD2-8666-DA2C75CA6147}.Debug|x64.Build.0 = Debug|x64
		{F9395132-059F-3CD2-8666-DA2C75CA6147}.Release|x64.ActiveCfg = Release|x64
		{F9395132-059F-3CD2-8666-DA2C75CA6147}.Release|x64.Build.0 = Release|x64
		{F9395132-059F-3CD2-8666-DA2C75CA6147}.MinSizeRel|x64.ActiveCfg = MinSizeRel|x64
		{F9395132-059F-3CD2-8666-DA2C75CA6147}.MinSizeRel|x64.Build.0 = MinSizeRel|x64
		{F9395132-059F-3CD2-8666-DA2C75CA6147}.RelWithDebInfo|x64.ActiveCfg = RelWithDebInfo|x64
		{F9395132-059F-3CD2-8666-DA2C75CA6147}.RelWithDebInfo|x64.Build.0 = RelWithDebInfo|x64
		{CD3B5D46-7783-328E-9C7E-D75C413FF280}.Debug|x64.ActiveCfg = Debug|x64
		{CD3B5D46-7783-328E-9C7E-D75C413FF280}.Debug|x64.Build.0 = Debug|x64
		{CD3B5D46-7783-328E-9C7E-D75C413FF280}.Release|x64.ActiveCfg = Release|x64
		{CD3B5D46-7783-328E-9C7E-D75C413FF280}.Release|x64.Build.0 = Release|x64
		{CD3B5D46-7783-328E-9C7E-D75C413FF280}.MinSizeRel|x64.ActiveCfg = MinSizeRel|x64
		{CD3B5D46-7783-328E-9C7E-D75C413FF280}.MinSizeRel|x64.Build.0 = MinSizeRel|x64
		{CD3B5D46-7783-328E-9C7E-D75C413FF280}.RelWithDebInfo|x64.ActiveCfg = RelWithDebInfo|x64
		{CD3B5D46-7783-328E-9C7E-D75C413FF280}.RelWithDebInfo|x64.Build.0 = RelWithDebInfo|x64
		{5244D961-956A-3F2F-B689-C4000D79EE47}.Debug|x64.ActiveCfg = Debug|x64
		{5244D961-956A-3F2F-B689-C4000D79EE47}.Debug|x64.Build.0 = Debug|x64
		{5244D961-956A-3F2F-B689-C4000D79EE47}.Release|x64.ActiveCfg = Release|x64
		{5244D961-956A-3F2F-B689-C4000D79EE47}.Release|x64.Build.0 = Release|x64
		{5244D961-956A-3F2F-B689-C4000D79EE47}.MinSizeRel|x64.ActiveCfg = MinSizeRel|x64
		{5244D961-956A-3F2F-B689-C4000D79EE47}.MinSizeRel|x64.Build.0 = MinSizeRel|x64
		{5244D961-956A-3F2F-B689-C4000D79EE47}.RelWithDebInfo|x64.ActiveCfg = RelWithDebInfo|x64
		{5244D961-956A-3F2F-B689-C4000D79EE47}.RelWithDebInfo|x64.Build.0 = RelWithDebInfo|x64
		{B880A84E-0F25-371A-BBB4-1D2A84D334B5}.Debug|x64.ActiveCfg = Debug|x64
		{B880A84E-0F25-371A-BBB4-1D2A84D334B5}.Debug|x64.Build.0 = Debug|x64
		{B880A84E-0F25-371A-BBB4-1D2A84D334B5}.Release|x64.ActiveCfg = Release|x64
		{B880A84E-0F25-371A-BBB4-1D2A84D334B5}.Release|x64.Build.0 = Release|x64
		{B880A84E-0F25-371A-BBB4-1D2A84D334B5}.MinSizeRel|x64.ActiveCfg = MinSizeRel|x64
		{B880A84E-0F25-371A-BBB4-1D2A84D334B5}.MinSizeRel|x64.Build.0 = MinSizeRel|x64
		{B880A84E-0F25-371A-BBB4-1D2A84D334B5}.RelWithDebInfo|x64.ActiveCfg = RelWithDebInfo|x64
		{B880A84E-0F25-371A-BBB4-1D2A84D334B5}.RelWithDebInfo|x64.Build.0 = RelWithDebInfo|x64
		{2B892F15-0765-3537-8ECF-F6FFE551D876}.Debug|x64.ActiveCfg = Debug|x64
		{2B892F15-0765-3537-8ECF-F6FFE551D876}.Debug|x64.Build.0 = Debug|x64
		{2B892F15-0765-3537-8ECF-F6FFE551D876}.Release|x64.ActiveCfg = Release|x64
		{2B892F15-0765-3537-8ECF-F6FFE551D876}.Release|x64.Build.0 = Release|x64
		{2B892F15-0765-3537-8ECF-F6FFE551D876}.MinSizeRel|x64.ActiveCfg = MinSizeRel|x64
		{2B892F15-0765-3537-8ECF-F6FFE551D876}.MinSizeRel|x64.Build.0 = MinSizeRel|x64
		{2B892F15-0765-3537-8ECF-F6FFE551D876}.RelWithDebInfo|x64.ActiveCfg = RelWithDebInfo|x64
		{2B892F15-0765-3537-8ECF-F6FFE551D876}.RelWithDebInfo|x64.Build.0 = RelWithDebInfo|x64
		{B3A4C232-1998-37CE-B627-B6E8C75ED24E}.Debug|x64.ActiveCfg = Debug|x64
		{B3A4C232-1998-37CE-B627-B6E8C75ED24E}.Debug|x64.Build.0 = Debug|x64
		{B3A4C232-1998-37CE-B627-B6E8C75ED24E}.Release|x64.ActiveCfg = Release|x64
		{B3A4C232-1998-37CE-B627-B6E8C75ED24E}.Release|x64.Build.0 = Release|x64
		{B3A4C232-1998-37CE-B627-B6E8C75ED24E}.MinSizeRel|x64.ActiveCfg = MinSizeRel|x64
		{B3A4C232-1998-37CE-B627-B6E8C75ED24E}.MinSizeRel|x64.Build.0 = MinSizeRel|x64
		{B3A4C232-1998-37CE-B627-B6E8C75ED24E}.RelWithDebInfo|x64.ActiveCfg = RelWithDebInfo|x64
		{B3A4C232-1998-37CE-B627-B6E8C75ED24E}.RelWithDebInfo|x64.Build.0 = RelWithDebInfo|x64
		{2E97DE54-563F-3236-AF26-A82AD48CBE34}.Debug|x64.ActiveCfg = Debug|x64
		{2E97DE54-563F-3236-AF26-A82AD48CBE34}.Debug|x64.Build.0 = Debug|x64
		{2E97DE54-563F-3236-AF26-A82AD48CBE34}.Release|x64.ActiveCfg = Release|x64
		{2E97DE54-563F-3236-AF26-A82AD48CBE34}.Release|x64.Build.0 = Release|x64
		{2E97DE54-563F-3236-AF26-A82AD48CBE34}.MinSizeRel|x64.ActiveCfg = MinSizeRel|x64
		{2E97DE54-563F-3236-AF26-A82AD48CBE34}.MinSizeRel|x64.Build.0 = MinSizeRel|x64
		{2E97DE54-563F-3236-AF26-A82AD48CBE34}.RelWithDebInfo|x64.ActiveCfg = RelWithDebInfo|x64
		{2E97DE54-563F-3236-AF26-A82AD48CBE34}.RelWithDebInfo|x64.Build.0 = RelWithDebInfo|x64
		{B3D11FAB-E05F-3D68-A054-6117F7A2C67E}.Debug|x64.ActiveCfg = Debug|x64
		{B3D11FAB-E05F-3D68-A054-6117F7A2C67E}.Debug|x64.Build.0 = Debug|x64
		{B3D11FAB-E05F-3D68-A054-6117F7A2C67E}.Release|x64.ActiveCfg = Release|x64
		{B3D11FAB-E05F-3D68-A054-6117F7A2C67E}.Release|x64.Build.0 = Release|x64
		{B3D11FAB-E05F-3D68-A054-6117F7A2C67E}.MinSizeRel|x64.ActiveCfg = MinSizeRel|x64
		{B3D11FAB-E05F-3D68-A054-6117F7A2C67E}.MinSizeRel|x64.Build.0 = MinSizeRel|x64
		{B3D11FAB-E05F-3D68-A054-6117F7A2C67E}.RelWithDebInfo|x64.ActiveCfg = RelWithDebInfo|x64
		{B3D11FAB-E05F-3D68-A054-6117F7A2C67E}.RelWithDebInfo|x64.Build.0 = RelWithDebInfo|x64
		{149C329A-1189-3CEE-8E37-BFB7F738CD35}.Debug|x64.ActiveCfg = Debug|x64
		{149C329A-1189-3CEE-8E37-BFB7F738CD35}.Debug|x64.Build.0 = Debug|x64
		{149C329A-1189-3CEE-8E37-BFB7F738CD35}.Release|x64.ActiveCfg = Release|x64
		{149C329A-1189-3CEE-8E37-BFB7F738CD35}.Release|x64.Build.0 = Release|x64
		{149C329A-1189-3CEE-8E37-BFB7F738CD35}.MinSizeRel|x64.ActiveCfg = MinSizeRel|x64
		{149C329A-1189-3CEE-8E37-BFB7F738CD35}.MinSizeRel|x64.Build.0 = MinSizeRel|x64
		{149C329A-1189-3CEE-8E37-BFB7F738CD35}.RelWithDebInfo|x64.ActiveCfg = RelWithDebInfo|x64
		{149C329A-1189-3CEE-8E37-BFB7F738CD35}.RelWithDebInfo|x64.Build.0 = RelWithDebInfo|x64
		{BA601AB2-BFBC-3D7B-B9A4-2E80E5E9AB71}.Debug|x64.ActiveCfg = Debug|x64
		{BA601AB2-BFBC-3D7B-B9A4-2E80E5E9AB71}.Debug|x64.Build.0 = Debug|x64
		{BA601AB2-BFBC-3D7B-B9A4-2E80E5E9AB71}.Release|x64.ActiveCfg = Release|x64
		{BA601AB2-BFBC-3D7B-B9A4-2E80E5E9AB71}.Release|x64.Build.0 = Release|x64
		{BA601AB2-BFBC-3D7B-B9A4-2E80E5E9AB71}.MinSizeRel|x64.ActiveCfg = MinSizeRel|x64
		{BA601AB2-BFBC-3D7B-B9A4-2E80E5E9AB71}.MinSizeRel|x64.Build.0 = MinSizeRel|x64
		{BA601AB2-BFBC-3D7B-B9A4-2E80E5E9AB71}.RelWithDebInfo|x64.ActiveCfg = RelWithDebInfo|x64
		{BA601AB2-BFBC-3D7B-B9A4-2E80E5E9AB71}.RelWithDebInfo|x64.Build.0 = RelWithDebInfo|x64
		{F1C5ACA0-C51A-31DC-A612-A2D700CA842C}.Debug|x64.ActiveCfg = Debug|x64
		{F1C5ACA0-C51A-31DC-A612-A2D700CA842C}.Debug|x64.Build.0 = Debug|x64
		{F1C5ACA0-C51A-31DC-A612-A2D700CA842C}.Release|x64.ActiveCfg = Release|x64
		{F1C5ACA0-C51A-31DC-A612-A2D700CA842C}.Release|x64.Build.0 = Release|x64
		{F1C5ACA0-C51A-31DC-A612-A2D700CA842C}.MinSizeRel|x64.ActiveCfg = MinSizeRel|x64
		{F1C5ACA0-C51A-31DC-A612-A2D700CA842C}.MinSizeRel|x64.Build.0 = MinSizeRel|x64
		{F1C5ACA0-C51A-31DC-A612-A2D700CA842C}.RelWithDebInfo|x64.ActiveCfg = RelWithDebInfo|x64
		{F1C5ACA0-C51A-31DC-A612-A2D700CA842C}.RelWithDebInfo|x64.Build.0 = RelWithDebInfo|x64
	EndGlobalSection
	GlobalSection(NestedProjects) = preSolution
		{DE05C091-41C3-33A9-A6B8-176BD12D9B48} = {3E0B1F8E-8303-3624-8CCD-957D655DDFDD}
		{80EAEECD-BDF0-383A-836B-276CC626E31D} = {3E0B1F8E-8303-3624-8CCD-957D655DDFDD}
		{B99BDDFF-85FB-3F38-89E3-A5CD1487051D} = {3E0B1F8E-8303-3624-8CCD-957D655DDFDD}
		{AC6EEBB0-59BD-3D86-897F-A5EF60A53D24} = {3E0B1F8E-8303-3624-8CCD-957D655DDFDD}
		{646B006B-EAD6-3183-88F0-A9E3CDCB762F} = {1A653821-8108-3A3C-B68C-1D31FDCD6FF2}
		{94CE0D44-B5E1-3E78-85C0-EE4D753FF841} = {1A653821-8108-3A3C-B68C-1D31FDCD6FF2}
		{CCCA5BAF-0D74-33E4-BB9E-C0CC886C696C} = {1A653821-8108-3A3C-B68C-1D31FDCD6FF2}
		{F9395132-059F-3CD2-8666-DA2C75CA6147} = {1A653821-8108-3A3C-B68C-1D31FDCD6FF2}
		{CD3B5D46-7783-328E-9C7E-D75C413FF280} = {1A653821-8108-3A3C-B68C-1D31FDCD6FF2}
		{B880A84E-0F25-371A-BBB4-1D2A84D334B5} = {1A653821-8108-3A3C-B68C-1D31FDCD6FF2}
		{2B892F15-0765-3537-8ECF-F6FFE551D876} = {1A653821-8108-3A3C-B68C-1D31FDCD6FF2}
		{B3A4C232-1998-37CE-B627-B6E8C75ED24E} = {1A653821-8108-3A3C-B68C-1D31FDCD6FF2}
		{2E97DE54-563F-3236-AF26-A82AD48CBE34} = {1A653821-8108-3A3C-B68C-1D31FDCD6FF2}
		{B3D11FAB-E05F-3D68-A054-6117F7A2C67E} = {1A653821-8108-3A3C-B68C-1D31FDCD6FF2}
		{149C329A-1189-3CEE-8E37-BFB7F738CD35} = {1A653821-8108-3A3C-B68C-1D31FDCD6FF2}
		{BA601AB2-BFBC-3D7B-B9A4-2E80E5E9AB71} = {1A653821-8108-3A3C-B68C-1D31FDCD6FF2}
		{F1C5ACA0-C51A-31DC-A612-A2D700CA842C} = {1A653821-8108-3A3C-B68C-1D31FDCD6FF2}
		{653276AA-5DAA-37EC-9ACC-E83C914F6256} = {4589CF73-528E-3EED-94A3-DADAC08CDC45}
		{5244D961-956A-3F2F-B689-C4000D79EE47} = {4589CF73-528E-3EED-94A3-DADAC08CDC45}
	EndGlobalSection
	GlobalSection(ExtensibilityGlobals) = postSolution
		SolutionGuid = {A7D966FB-1D05-3551-89D8-50DE6914BC72}
	EndGlobalSection
	GlobalSection(ExtensibilityAddIns) = postSolution
	EndGlobalSection
EndGlobal
