<?xml version="1.0" encoding="utf-8"?>
<Project ToolsVersion="17.0" xmlns="http://schemas.microsoft.com/developer/msbuild/2003">
  <ItemGroup>
    <ClCompile Include="C:\Users\tommi\Documents\GitHub\build-stepmania-ddr\src\archutils\Win32\mapconv.cpp" />
  </ItemGroup>
  <ItemGroup>
    <CustomBuild Include="C:\Users\tommi\Documents\GitHub\build-stepmania-ddr\src\CMakeLists.txt" />
  </ItemGroup>
  <ItemGroup>
  </ItemGroup>
</Project>
